
Microsoft Visual Studio Solution File, Format Version 12.00
# Visual Studio Version 17
VisualStudioVersion = 17.0.31903.59
MinimumVisualStudioVersion = 10.0.40219.1
Project("{2150E333-8FDC-42A3-9474-1A3956D46DE8}") = "src", "src", "{827E0CD3-B72D-47B6-A68D-7590B98EB39B}"
EndProject
Project("{2150E333-8FDC-42A3-9474-1A3956D46DE8}") = "ApiGateways", "ApiGateways", "{ED3A6F05-8B42-2A19-DFFE-FDDDF787C538}"
EndProject
Project("{FAE04EC0-301F-11D3-BF4B-00C04F79EFBC}") = "MultiShop.OcelotGateway", "src\ApiGateways\MultiShop.OcelotGateway\MultiShop.OcelotGateway.csproj", "{8BE51560-0583-4947-B136-9E516EE5AB35}"
EndProject
Project("{2150E333-8FDC-42A3-9474-1A3956D46DE8}") = "BuildingBlocks", "BuildingBlocks", "{90298CBA-BD6F-3A0A-69D5-97CAD7B05E7E}"
EndProject
Project("{FAE04EC0-301F-11D3-BF4B-00C04F79EFBC}") = "Messages", "src\BuildingBlocks\Messages\Messages.csproj", "{688DBB0F-FF73-4245-9F9F-113D03553150}"
EndProject
Project("{2150E333-8FDC-42A3-9474-1A3956D46DE8}") = "Identity", "Identity", "{65ABFB5D-2B10-DF64-BF12-C17976F8E5D9}"
EndProject
Project("{FAE04EC0-301F-11D3-BF4B-00C04F79EFBC}") = "MultiShop.IdentityServer", "src\Identity\MultiShop.IdentityServer\MultiShop.IdentityServer.csproj", "{08CB9D8E-344C-491B-A7D5-B7852F412672}"
EndProject
Project("{2150E333-8FDC-42A3-9474-1A3956D46DE8}") = "Services", "Services", "{984BB9B3-3FA3-BE33-9484-CAC21695A33C}"
EndProject
Project("{2150E333-8FDC-42A3-9474-1A3956D46DE8}") = "Basket", "Basket", "{6C0557C3-B1C9-A54D-46F8-F4FBBDE30E30}"
EndProject
Project("{FAE04EC0-301F-11D3-BF4B-00C04F79EFBC}") = "MultiShop.Basket", "src\Services\Basket\MultiShop.Basket\MultiShop.Basket.csproj", "{D9D7FD1B-5D60-4F84-8F96-D90929E4E797}"
EndProject
Project("{2150E333-8FDC-42A3-9474-1A3956D46DE8}") = "Cargo", "Cargo", "{37919BF2-E647-A481-2B3B-EF3143149856}"
EndProject
Project("{FAE04EC0-301F-11D3-BF4B-00C04F79EFBC}") = "MultiShop.Cargo.BusinessLayer", "src\Services\Cargo\MultiShop.Cargo.BusinessLayer\MultiShop.Cargo.BusinessLayer.csproj", "{9F432567-0D38-489D-A02D-8CA39718BD2A}"
EndProject
Project("{FAE04EC0-301F-11D3-BF4B-00C04F79EFBC}") = "MultiShop.Cargo.DataAccessLayer", "src\Services\Cargo\MultiShop.Cargo.DataAccessLayer\MultiShop.Cargo.DataAccessLayer.csproj", "{06F25572-42BC-460A-8BB9-6BE94A93A4A2}"
EndProject
Project("{FAE04EC0-301F-11D3-BF4B-00C04F79EFBC}") = "MultiShop.Cargo.EntityLayer", "src\Services\Cargo\MultiShop.Cargo.EntityLayer\MultiShop.Cargo.EntityLayer.csproj", "{B402F149-3793-46D9-92BE-0C50A332D00E}"
EndProject
Project("{FAE04EC0-301F-11D3-BF4B-00C04F79EFBC}") = "MultiShop.Cargo.DtoLayer", "src\Services\Cargo\MultiShop.Cargo.DtoLayer\MultiShop.Cargo.DtoLayer.csproj", "{B4D7C7A2-D61C-4191-8D39-55E768710A1A}"
EndProject
Project("{FAE04EC0-301F-11D3-BF4B-00C04F79EFBC}") = "MultiShop.Cargo.WebApi", "src\Services\Cargo\MultiShop.Cargo.WebApi\MultiShop.Cargo.WebApi.csproj", "{F7D2595A-5944-4705-8188-5342FF9C5A25}"
EndProject
Project("{2150E333-8FDC-42A3-9474-1A3956D46DE8}") = "Catalog", "Catalog", "{C91C1CF1-1625-0789-F869-53D87D6277BA}"
EndProject
Project("{FAE04EC0-301F-11D3-BF4B-00C04F79EFBC}") = "MultiShop.Catalog", "src\Services\Catalog\MultiShop.Catalog\MultiShop.Catalog.csproj", "{467B822C-F032-4A2F-B402-8E38ECF92FC2}"
EndProject
Project("{2150E333-8FDC-42A3-9474-1A3956D46DE8}") = "Comment", "Comment", "{83346A78-8B00-CE0E-19A0-2626A161E1C7}"
EndProject
Project("{FAE04EC0-301F-11D3-BF4B-00C04F79EFBC}") = "MultiShop.Comment", "src\Services\Comment\MultiShop.Comment\MultiShop.Comment.csproj", "{2134AC12-B4D5-449F-AD69-BD5FAFDDF2C9}"
EndProject
Project("{2150E333-8FDC-42A3-9474-1A3956D46DE8}") = "Discount", "Discount", "{EEA4A782-341D-6440-FC22-D64D0B11E3C8}"
EndProject
Project("{FAE04EC0-301F-11D3-BF4B-00C04F79EFBC}") = "MultiShop.Discount", "src\Services\Discount\MultiShop.Discount\MultiShop.Discount.csproj", "{DFCADA95-A413-4C4B-ADDC-FEAAB5804D3A}"
EndProject
Project("{2150E333-8FDC-42A3-9474-1A3956D46DE8}") = "Images", "Images", "{3215BA1D-5026-D910-1D4D-8B34D6CA9D0B}"
EndProject
Project("{FAE04EC0-301F-11D3-BF4B-00C04F79EFBC}") = "MultiShop.Images.WebUI", "src\Services\Images\MultiShop.Images.WebUI\MultiShop.Images.WebUI.csproj", "{E38EA596-26DE-46B9-9E27-481E67B1B2E3}"
EndProject
Project("{2150E333-8FDC-42A3-9474-1A3956D46DE8}") = "Message", "Message", "{9DA472BF-9A20-0114-30B7-54E1E1837EA6}"
EndProject
Project("{FAE04EC0-301F-11D3-BF4B-00C04F79EFBC}") = "MultiShop.Message", "src\Services\Message\MultiShop.Message\MultiShop.Message.csproj", "{10915B7B-77CD-4C7F-AA11-D3621710DBED}"
EndProject
Project("{2150E333-8FDC-42A3-9474-1A3956D46DE8}") = "Order", "Order", "{B851199A-4979-E597-3D50-97AC5992BBAF}"
EndProject
Project("{2150E333-8FDC-42A3-9474-1A3956D46DE8}") = "Core", "Core", "{1B1C2D67-8DD4-90A0-4703-F9A1D1EA0ED6}"
EndProject
Project("{FAE04EC0-301F-11D3-BF4B-00C04F79EFBC}") = "MultiShop.Order.Application", "src\Services\Order\Core\MultiShop.Order.Application\MultiShop.Order.Application.csproj", "{587D1C1F-8435-41C7-A55E-A2F2F6B82DFC}"
EndProject
Project("{FAE04EC0-301F-11D3-BF4B-00C04F79EFBC}") = "MultiShop.Order.Domain", "src\Services\Order\Core\MultiShop.Order.Domain\MultiShop.Order.Domain.csproj", "{B924B44C-DD84-42F8-AFCE-A056B96051B1}"
EndProject
Project("{2150E333-8FDC-42A3-9474-1A3956D46DE8}") = "Infrastructure", "Infrastructure", "{59692A4D-6C68-02AE-75B7-D695E4756082}"
EndProject
Project("{FAE04EC0-301F-11D3-BF4B-00C04F79EFBC}") = "MultiShop.Order.Persistence", "src\Services\Order\Infrastructure\MultiShop.Order.Persistence\MultiShop.Order.Persistence.csproj", "{DEA15611-37CA-40A0-A9A9-5FFA4DC84990}"
EndProject
Project("{2150E333-8FDC-42A3-9474-1A3956D46DE8}") = "Presentation", "Presentation", "{A84557B1-F395-7707-472A-A45A3CBA9892}"
EndProject
Project("{FAE04EC0-301F-11D3-BF4B-00C04F79EFBC}") = "MultiShop.Order.WebApi", "src\Services\Order\Presentation\MultiShop.Order.WebApi\MultiShop.Order.WebApi.csproj", "{C256B444-CD60-463A-AE99-B055383E4C2C}"
EndProject
Project("{2150E333-8FDC-42A3-9474-1A3956D46DE8}") = "Payment", "Payment", "{3FB03296-F262-2760-9861-73C41AF3766C}"
EndProject
Project("{FAE04EC0-301F-11D3-BF4B-00C04F79EFBC}") = "MultiShop.Payment", "src\Services\Payment\MultiShop.Payment\MultiShop.Payment.csproj", "{5891B8AC-7866-46A5-913C-5BD09ED32013}"
EndProject
Project("{2150E333-8FDC-42A3-9474-1A3956D46DE8}") = "SignalRRealTime", "SignalRRealTime", "{43A920A1-4C25-634D-9B59-9C5EE178D748}"
EndProject
Project("{FAE04EC0-301F-11D3-BF4B-00C04F79EFBC}") = "MultiShop.SignalRRealTimeApi", "src\Services\SignalRRealTime\MultiShop.SignalRRealTimeApi\MultiShop.SignalRRealTimeApi.csproj", "{7D040791-43BB-49C8-85F6-1316E33FCC0C}"
EndProject
Project("{2150E333-8FDC-42A3-9474-1A3956D46DE8}") = "Web", "Web", "{03997797-E7F5-0643-168D-B8EA7178C2FE}"
EndProject
Project("{FAE04EC0-301F-11D3-BF4B-00C04F79EFBC}") = "MultiShop.DtoLayer", "src\Web\MultiShop.DtoLayer\MultiShop.DtoLayer.csproj", "{2782D89F-9481-46E6-8FC8-4720EF52C42B}"
EndProject
Project("{FAE04EC0-301F-11D3-BF4B-00C04F79EFBC}") = "MultiShop.WebUI", "src\Web\MultiShop.WebUI\MultiShop.WebUI.csproj", "{644FDF60-511C-4518-8133-802256E53014}"
EndProject
Global
	GlobalSection(SolutionConfigurationPlatforms) = preSolution
		Debug|Any CPU = Debug|Any CPU
		Debug|x64 = Debug|x64
		Debug|x86 = Debug|x86
		Release|Any CPU = Release|Any CPU
		Release|x64 = Release|x64
		Release|x86 = Release|x86
	EndGlobalSection
	GlobalSection(ProjectConfigurationPlatforms) = postSolution
		{8BE51560-0583-4947-B136-9E516EE5AB35}.Debug|Any CPU.ActiveCfg = Debug|Any CPU
		{8BE51560-0583-4947-B136-9E516EE5AB35}.Debug|Any CPU.Build.0 = Debug|Any CPU
		{8BE51560-0583-4947-B136-9E516EE5AB35}.Debug|x64.ActiveCfg = Debug|Any CPU
		{8BE51560-0583-4947-B136-9E516EE5AB35}.Debug|x64.Build.0 = Debug|Any CPU
		{8BE51560-0583-4947-B136-9E516EE5AB35}.Debug|x86.ActiveCfg = Debug|Any CPU
		{8BE51560-0583-4947-B136-9E516EE5AB35}.Debug|x86.Build.0 = Debug|Any CPU
		{8BE51560-0583-4947-B136-9E516EE5AB35}.Release|Any CPU.ActiveCfg = Release|Any CPU
		{8BE51560-0583-4947-B136-9E516EE5AB35}.Release|Any CPU.Build.0 = Release|Any CPU
		{8BE51560-0583-4947-B136-9E516EE5AB35}.Release|x64.ActiveCfg = Release|Any CPU
		{8BE51560-0583-4947-B136-9E516EE5AB35}.Release|x64.Build.0 = Release|Any CPU
		{8BE51560-0583-4947-B136-9E516EE5AB35}.Release|x86.ActiveCfg = Release|Any CPU
		{8BE51560-0583-4947-B136-9E516EE5AB35}.Release|x86.Build.0 = Release|Any CPU
		{688DBB0F-FF73-4245-9F9F-113D03553150}.Debug|Any CPU.ActiveCfg = Debug|Any CPU
		{688DBB0F-FF73-4245-9F9F-113D03553150}.Debug|Any CPU.Build.0 = Debug|Any CPU
		{688DBB0F-FF73-4245-9F9F-113D03553150}.Debug|x64.ActiveCfg = Debug|Any CPU
		{688DBB0F-FF73-4245-9F9F-113D03553150}.Debug|x64.Build.0 = Debug|Any CPU
		{688DBB0F-FF73-4245-9F9F-113D03553150}.Debug|x86.ActiveCfg = Debug|Any CPU
		{688DBB0F-FF73-4245-9F9F-113D03553150}.Debug|x86.Build.0 = Debug|Any CPU
		{688DBB0F-FF73-4245-9F9F-113D03553150}.Release|Any CPU.ActiveCfg = Release|Any CPU
		{688DBB0F-FF73-4245-9F9F-113D03553150}.Release|Any CPU.Build.0 = Release|Any CPU
		{688DBB0F-FF73-4245-9F9F-113D03553150}.Release|x64.ActiveCfg = Release|Any CPU
		{688DBB0F-FF73-4245-9F9F-113D03553150}.Release|x64.Build.0 = Release|Any CPU
		{688DBB0F-FF73-4245-9F9F-113D03553150}.Release|x86.ActiveCfg = Release|Any CPU
		{688DBB0F-FF73-4245-9F9F-113D03553150}.Release|x86.Build.0 = Release|Any CPU
		{08CB9D8E-344C-491B-A7D5-B7852F412672}.Debug|Any CPU.ActiveCfg = Debug|Any CPU
		{08CB9D8E-344C-491B-A7D5-B7852F412672}.Debug|Any CPU.Build.0 = Debug|Any CPU
		{08CB9D8E-344C-491B-A7D5-B7852F412672}.Debug|x64.ActiveCfg = Debug|Any CPU
		{08CB9D8E-344C-491B-A7D5-B7852F412672}.Debug|x64.Build.0 = Debug|Any CPU
		{08CB9D8E-344C-491B-A7D5-B7852F412672}.Debug|x86.ActiveCfg = Debug|Any CPU
		{08CB9D8E-344C-491B-A7D5-B7852F412672}.Debug|x86.Build.0 = Debug|Any CPU
		{08CB9D8E-344C-491B-A7D5-B7852F412672}.Release|Any CPU.ActiveCfg = Release|Any CPU
		{08CB9D8E-344C-491B-A7D5-B7852F412672}.Release|Any CPU.Build.0 = Release|Any CPU
		{08CB9D8E-344C-491B-A7D5-B7852F412672}.Release|x64.ActiveCfg = Release|Any CPU
		{08CB9D8E-344C-491B-A7D5-B7852F412672}.Release|x64.Build.0 = Release|Any CPU
		{08CB9D8E-344C-491B-A7D5-B7852F412672}.Release|x86.ActiveCfg = Release|Any CPU
		{08CB9D8E-344C-491B-A7D5-B7852F412672}.Release|x86.Build.0 = Release|Any CPU
		{D9D7FD1B-5D60-4F84-8F96-D90929E4E797}.Debug|Any CPU.ActiveCfg = Debug|Any CPU
		{D9D7FD1B-5D60-4F84-8F96-D90929E4E797}.Debug|Any CPU.Build.0 = Debug|Any CPU
		{D9D7FD1B-5D60-4F84-8F96-D90929E4E797}.Debug|x64.ActiveCfg = Debug|Any CPU
		{D9D7FD1B-5D60-4F84-8F96-D90929E4E797}.Debug|x64.Build.0 = Debug|Any CPU
		{D9D7FD1B-5D60-4F84-8F96-D90929E4E797}.Debug|x86.ActiveCfg = Debug|Any CPU
		{D9D7FD1B-5D60-4F84-8F96-D90929E4E797}.Debug|x86.Build.0 = Debug|Any CPU
		{D9D7FD1B-5D60-4F84-8F96-D90929E4E797}.Release|Any CPU.ActiveCfg = Release|Any CPU
		{D9D7FD1B-5D60-4F84-8F96-D90929E4E797}.Release|Any CPU.Build.0 = Release|Any CPU
		{D9D7FD1B-5D60-4F84-8F96-D90929E4E797}.Release|x64.ActiveCfg = Release|Any CPU
		{D9D7FD1B-5D60-4F84-8F96-D90929E4E797}.Release|x64.Build.0 = Release|Any CPU
		{D9D7FD1B-5D60-4F84-8F96-D90929E4E797}.Release|x86.ActiveCfg = Release|Any CPU
		{D9D7FD1B-5D60-4F84-8F96-D90929E4E797}.Release|x86.Build.0 = Release|Any CPU
		{9F432567-0D38-489D-A02D-8CA39718BD2A}.Debug|Any CPU.ActiveCfg = Debug|Any CPU
		{9F432567-0D38-489D-A02D-8CA39718BD2A}.Debug|Any CPU.Build.0 = Debug|Any CPU
		{9F432567-0D38-489D-A02D-8CA39718BD2A}.Debug|x64.ActiveCfg = Debug|Any CPU
		{9F432567-0D38-489D-A02D-8CA39718BD2A}.Debug|x64.Build.0 = Debug|Any CPU
		{9F432567-0D38-489D-A02D-8CA39718BD2A}.Debug|x86.ActiveCfg = Debug|Any CPU
		{9F432567-0D38-489D-A02D-8CA39718BD2A}.Debug|x86.Build.0 = Debug|Any CPU
		{9F432567-0D38-489D-A02D-8CA39718BD2A}.Release|Any CPU.ActiveCfg = Release|Any CPU
		{9F432567-0D38-489D-A02D-8CA39718BD2A}.Release|Any CPU.Build.0 = Release|Any CPU
		{9F432567-0D38-489D-A02D-8CA39718BD2A}.Release|x64.ActiveCfg = Release|Any CPU
		{9F432567-0D38-489D-A02D-8CA39718BD2A}.Release|x64.Build.0 = Release|Any CPU
		{9F432567-0D38-489D-A02D-8CA39718BD2A}.Release|x86.ActiveCfg = Release|Any CPU
		{9F432567-0D38-489D-A02D-8CA39718BD2A}.Release|x86.Build.0 = Release|Any CPU
		{06F25572-42BC-460A-8BB9-6BE94A93A4A2}.Debug|Any CPU.ActiveCfg = Debug|Any CPU
		{06F25572-42BC-460A-8BB9-6BE94A93A4A2}.Debug|Any CPU.Build.0 = Debug|Any CPU
		{06F25572-42BC-460A-8BB9-6BE94A93A4A2}.Debug|x64.ActiveCfg = Debug|Any CPU
		{06F25572-42BC-460A-8BB9-6BE94A93A4A2}.Debug|x64.Build.0 = Debug|Any CPU
		{06F25572-42BC-460A-8BB9-6BE94A93A4A2}.Debug|x86.ActiveCfg = Debug|Any CPU
		{06F25572-42BC-460A-8BB9-6BE94A93A4A2}.Debug|x86.Build.0 = Debug|Any CPU
		{06F25572-42BC-460A-8BB9-6BE94A93A4A2}.Release|Any CPU.ActiveCfg = Release|Any CPU
		{06F25572-42BC-460A-8BB9-6BE94A93A4A2}.Release|Any CPU.Build.0 = Release|Any CPU
		{06F25572-42BC-460A-8BB9-6BE94A93A4A2}.Release|x64.ActiveCfg = Release|Any CPU
		{06F25572-42BC-460A-8BB9-6BE94A93A4A2}.Release|x64.Build.0 = Release|Any CPU
		{06F25572-42BC-460A-8BB9-6BE94A93A4A2}.Release|x86.ActiveCfg = Release|Any CPU
		{06F25572-42BC-460A-8BB9-6BE94A93A4A2}.Release|x86.Build.0 = Release|Any CPU
		{B402F149-3793-46D9-92BE-0C50A332D00E}.Debug|Any CPU.ActiveCfg = Debug|Any CPU
		{B402F149-3793-46D9-92BE-0C50A332D00E}.Debug|Any CPU.Build.0 = Debug|Any CPU
		{B402F149-3793-46D9-92BE-0C50A332D00E}.Debug|x64.ActiveCfg = Debug|Any CPU
		{B402F149-3793-46D9-92BE-0C50A332D00E}.Debug|x64.Build.0 = Debug|Any CPU
		{B402F149-3793-46D9-92BE-0C50A332D00E}.Debug|x86.ActiveCfg = Debug|Any CPU
		{B402F149-3793-46D9-92BE-0C50A332D00E}.Debug|x86.Build.0 = Debug|Any CPU
		{B402F149-3793-46D9-92BE-0C50A332D00E}.Release|Any CPU.ActiveCfg = Release|Any CPU
		{B402F149-3793-46D9-92BE-0C50A332D00E}.Release|Any CPU.Build.0 = Release|Any CPU
		{B402F149-3793-46D9-92BE-0C50A332D00E}.Release|x64.ActiveCfg = Release|Any CPU
		{B402F149-3793-46D9-92BE-0C50A332D00E}.Release|x64.Build.0 = Release|Any CPU
		{B402F149-3793-46D9-92BE-0C50A332D00E}.Release|x86.ActiveCfg = Release|Any CPU
		{B402F149-3793-46D9-92BE-0C50A332D00E}.Release|x86.Build.0 = Release|Any CPU
		{B4D7C7A2-D61C-4191-8D39-55E768710A1A}.Debug|Any CPU.ActiveCfg = Debug|Any CPU
		{B4D7C7A2-D61C-4191-8D39-55E768710A1A}.Debug|Any CPU.Build.0 = Debug|Any CPU
		{B4D7C7A2-D61C-4191-8D39-55E768710A1A}.Debug|x64.ActiveCfg = Debug|Any CPU
		{B4D7C7A2-D61C-4191-8D39-55E768710A1A}.Debug|x64.Build.0 = Debug|Any CPU
		{B4D7C7A2-D61C-4191-8D39-55E768710A1A}.Debug|x86.ActiveCfg = Debug|Any CPU
		{B4D7C7A2-D61C-4191-8D39-55E768710A1A}.Debug|x86.Build.0 = Debug|Any CPU
		{B4D7C7A2-D61C-4191-8D39-55E768710A1A}.Release|Any CPU.ActiveCfg = Release|Any CPU
		{B4D7C7A2-D61C-4191-8D39-55E768710A1A}.Release|Any CPU.Build.0 = Release|Any CPU
		{B4D7C7A2-D61C-4191-8D39-55E768710A1A}.Release|x64.ActiveCfg = Release|Any CPU
		{B4D7C7A2-D61C-4191-8D39-55E768710A1A}.Release|x64.Build.0 = Release|Any CPU
		{B4D7C7A2-D61C-4191-8D39-55E768710A1A}.Release|x86.ActiveCfg = Release|Any CPU
		{B4D7C7A2-D61C-4191-8D39-55E768710A1A}.Release|x86.Build.0 = Release|Any CPU
		{F7D2595A-5944-4705-8188-5342FF9C5A25}.Debug|Any CPU.ActiveCfg = Debug|Any CPU
		{F7D2595A-5944-4705-8188-5342FF9C5A25}.Debug|Any CPU.Build.0 = Debug|Any CPU
		{F7D2595A-5944-4705-8188-5342FF9C5A25}.Debug|x64.ActiveCfg = Debug|Any CPU
		{F7D2595A-5944-4705-8188-5342FF9C5A25}.Debug|x64.Build.0 = Debug|Any CPU
		{F7D2595A-5944-4705-8188-5342FF9C5A25}.Debug|x86.ActiveCfg = Debug|Any CPU
		{F7D2595A-5944-4705-8188-5342FF9C5A25}.Debug|x86.Build.0 = Debug|Any CPU
		{F7D2595A-5944-4705-8188-5342FF9C5A25}.Release|Any CPU.ActiveCfg = Release|Any CPU
		{F7D2595A-5944-4705-8188-5342FF9C5A25}.Release|Any CPU.Build.0 = Release|Any CPU
		{F7D2595A-5944-4705-8188-5342FF9C5A25}.Release|x64.ActiveCfg = Release|Any CPU
		{F7D2595A-5944-4705-8188-5342FF9C5A25}.Release|x64.Build.0 = Release|Any CPU
		{F7D2595A-5944-4705-8188-5342FF9C5A25}.Release|x86.ActiveCfg = Release|Any CPU
		{F7D2595A-5944-4705-8188-5342FF9C5A25}.Release|x86.Build.0 = Release|Any CPU
		{467B822C-F032-4A2F-B402-8E38ECF92FC2}.Debug|Any CPU.ActiveCfg = Debug|Any CPU
		{467B822C-F032-4A2F-B402-8E38ECF92FC2}.Debug|Any CPU.Build.0 = Debug|Any CPU
		{467B822C-F032-4A2F-B402-8E38ECF92FC2}.Debug|x64.ActiveCfg = Debug|Any CPU
		{467B822C-F032-4A2F-B402-8E38ECF92FC2}.Debug|x64.Build.0 = Debug|Any CPU
		{467B822C-F032-4A2F-B402-8E38ECF92FC2}.Debug|x86.ActiveCfg = Debug|Any CPU
		{467B822C-F032-4A2F-B402-8E38ECF92FC2}.Debug|x86.Build.0 = Debug|Any CPU
		{467B822C-F032-4A2F-B402-8E38ECF92FC2}.Release|Any CPU.ActiveCfg = Release|Any CPU
		{467B822C-F032-4A2F-B402-8E38ECF92FC2}.Release|Any CPU.Build.0 = Release|Any CPU
		{467B822C-F032-4A2F-B402-8E38ECF92FC2}.Release|x64.ActiveCfg = Release|Any CPU
		{467B822C-F032-4A2F-B402-8E38ECF92FC2}.Release|x64.Build.0 = Release|Any CPU
		{467B822C-F032-4A2F-B402-8E38ECF92FC2}.Release|x86.ActiveCfg = Release|Any CPU
		{467B822C-F032-4A2F-B402-8E38ECF92FC2}.Release|x86.Build.0 = Release|Any CPU
		{2134AC12-B4D5-449F-AD69-BD5FAFDDF2C9}.Debug|Any CPU.ActiveCfg = Debug|Any CPU
		{2134AC12-B4D5-449F-AD69-BD5FAFDDF2C9}.Debug|Any CPU.Build.0 = Debug|Any CPU
		{2134AC12-B4D5-449F-AD69-BD5FAFDDF2C9}.Debug|x64.ActiveCfg = Debug|Any CPU
		{2134AC12-B4D5-449F-AD69-BD5FAFDDF2C9}.Debug|x64.Build.0 = Debug|Any CPU
		{2134AC12-B4D5-449F-AD69-BD5FAFDDF2C9}.Debug|x86.ActiveCfg = Debug|Any CPU
		{2134AC12-B4D5-449F-AD69-BD5FAFDDF2C9}.Debug|x86.Build.0 = Debug|Any CPU
		{2134AC12-B4D5-449F-AD69-BD5FAFDDF2C9}.Release|Any CPU.ActiveCfg = Release|Any CPU
		{2134AC12-B4D5-449F-AD69-BD5FAFDDF2C9}.Release|Any CPU.Build.0 = Release|Any CPU
		{2134AC12-B4D5-449F-AD69-BD5FAFDDF2C9}.Release|x64.ActiveCfg = Release|Any CPU
		{2134AC12-B4D5-449F-AD69-BD5FAFDDF2C9}.Release|x64.Build.0 = Release|Any CPU
		{2134AC12-B4D5-449F-AD69-BD5FAFDDF2C9}.Release|x86.ActiveCfg = Release|Any CPU
		{2134AC12-B4D5-449F-AD69-BD5FAFDDF2C9}.Release|x86.Build.0 = Release|Any CPU
		{DFCADA95-A413-4C4B-ADDC-FEAAB5804D3A}.Debug|Any CPU.ActiveCfg = Debug|Any CPU
		{DFCADA95-A413-4C4B-ADDC-FEAAB5804D3A}.Debug|Any CPU.Build.0 = Debug|Any CPU
		{DFCADA95-A413-4C4B-ADDC-FEAAB5804D3A}.Debug|x64.ActiveCfg = Debug|Any CPU
		{DFCADA95-A413-4C4B-ADDC-FEAAB5804D3A}.Debug|x64.Build.0 = Debug|Any CPU
		{DFCADA95-A413-4C4B-ADDC-FEAAB5804D3A}.Debug|x86.ActiveCfg = Debug|Any CPU
		{DFCADA95-A413-4C4B-ADDC-FEAAB5804D3A}.Debug|x86.Build.0 = Debug|Any CPU
		{DFCADA95-A413-4C4B-ADDC-FEAAB5804D3A}.Release|Any CPU.ActiveCfg = Release|Any CPU
		{DFCADA95-A413-4C4B-ADDC-FEAAB5804D3A}.Release|Any CPU.Build.0 = Release|Any CPU
		{DFCADA95-A413-4C4B-ADDC-FEAAB5804D3A}.Release|x64.ActiveCfg = Release|Any CPU
		{DFCADA95-A413-4C4B-ADDC-FEAAB5804D3A}.Release|x64.Build.0 = Release|Any CPU
		{DFCADA95-A413-4C4B-ADDC-FEAAB5804D3A}.Release|x86.ActiveCfg = Release|Any CPU
		{DFCADA95-A413-4C4B-ADDC-FEAAB5804D3A}.Release|x86.Build.0 = Release|Any CPU
		{E38EA596-26DE-46B9-9E27-481E67B1B2E3}.Debug|Any CPU.ActiveCfg = Debug|Any CPU
		{E38EA596-26DE-46B9-9E27-481E67B1B2E3}.Debug|Any CPU.Build.0 = Debug|Any CPU
		{E38EA596-26DE-46B9-9E27-481E67B1B2E3}.Debug|x64.ActiveCfg = Debug|Any CPU
		{E38EA596-26DE-46B9-9E27-481E67B1B2E3}.Debug|x64.Build.0 = Debug|Any CPU
		{E38EA596-26DE-46B9-9E27-481E67B1B2E3}.Debug|x86.ActiveCfg = Debug|Any CPU
		{E38EA596-26DE-46B9-9E27-481E67B1B2E3}.Debug|x86.Build.0 = Debug|Any CPU
		{E38EA596-26DE-46B9-9E27-481E67B1B2E3}.Release|Any CPU.ActiveCfg = Release|Any CPU
		{E38EA596-26DE-46B9-9E27-481E67B1B2E3}.Release|Any CPU.Build.0 = Release|Any CPU
		{E38EA596-26DE-46B9-9E27-481E67B1B2E3}.Release|x64.ActiveCfg = Release|Any CPU
		{E38EA596-26DE-46B9-9E27-481E67B1B2E3}.Release|x64.Build.0 = Release|Any CPU
		{E38EA596-26DE-46B9-9E27-481E67B1B2E3}.Release|x86.ActiveCfg = Release|Any CPU
		{E38EA596-26DE-46B9-9E27-481E67B1B2E3}.Release|x86.Build.0 = Release|Any CPU
		{10915B7B-77CD-4C7F-AA11-D3621710DBED}.Debug|Any CPU.ActiveCfg = Debug|Any CPU
		{10915B7B-77CD-4C7F-AA11-D3621710DBED}.Debug|Any CPU.Build.0 = Debug|Any CPU
		{10915B7B-77CD-4C7F-AA11-D3621710DBED}.Debug|x64.ActiveCfg = Debug|Any CPU
		{10915B7B-77CD-4C7F-AA11-D3621710DBED}.Debug|x64.Build.0 = Debug|Any CPU
		{10915B7B-77CD-4C7F-AA11-D3621710DBED}.Debug|x86.ActiveCfg = Debug|Any CPU
		{10915B7B-77CD-4C7F-AA11-D3621710DBED}.Debug|x86.Build.0 = Debug|Any CPU
		{10915B7B-77CD-4C7F-AA11-D3621710DBED}.Release|Any CPU.ActiveCfg = Release|Any CPU
		{10915B7B-77CD-4C7F-AA11-D3621710DBED}.Release|Any CPU.Build.0 = Release|Any CPU
		{10915B7B-77CD-4C7F-AA11-D3621710DBED}.Release|x64.ActiveCfg = Release|Any CPU
		{10915B7B-77CD-4C7F-AA11-D3621710DBED}.Release|x64.Build.0 = Release|Any CPU
		{10915B7B-77CD-4C7F-AA11-D3621710DBED}.Release|x86.ActiveCfg = Release|Any CPU
		{10915B7B-77CD-4C7F-AA11-D3621710DBED}.Release|x86.Build.0 = Release|Any CPU
		{587D1C1F-8435-41C7-A55E-A2F2F6B82DFC}.Debug|Any CPU.ActiveCfg = Debug|Any CPU
		{587D1C1F-8435-41C7-A55E-A2F2F6B82DFC}.Debug|Any CPU.Build.0 = Debug|Any CPU
		{587D1C1F-8435-41C7-A55E-A2F2F6B82DFC}.Debug|x64.ActiveCfg = Debug|Any CPU
		{587D1C1F-8435-41C7-A55E-A2F2F6B82DFC}.Debug|x64.Build.0 = Debug|Any CPU
		{587D1C1F-8435-41C7-A55E-A2F2F6B82DFC}.Debug|x86.ActiveCfg = Debug|Any CPU
		{587D1C1F-8435-41C7-A55E-A2F2F6B82DFC}.Debug|x86.Build.0 = Debug|Any CPU
		{587D1C1F-8435-41C7-A55E-A2F2F6B82DFC}.Release|Any CPU.ActiveCfg = Release|Any CPU
		{587D1C1F-8435-41C7-A55E-A2F2F6B82DFC}.Release|Any CPU.Build.0 = Release|Any CPU
		{587D1C1F-8435-41C7-A55E-A2F2F6B82DFC}.Release|x64.ActiveCfg = Release|Any CPU
		{587D1C1F-8435-41C7-A55E-A2F2F6B82DFC}.Release|x64.Build.0 = Release|Any CPU
		{587D1C1F-8435-41C7-A55E-A2F2F6B82DFC}.Release|x86.ActiveCfg = Release|Any CPU
		{587D1C1F-8435-41C7-A55E-A2F2F6B82DFC}.Release|x86.Build.0 = Release|Any CPU
		{B924B44C-DD84-42F8-AFCE-A056B96051B1}.Debug|Any CPU.ActiveCfg = Debug|Any CPU
		{B924B44C-DD84-42F8-AFCE-A056B96051B1}.Debug|Any CPU.Build.0 = Debug|Any CPU
		{B924B44C-DD84-42F8-AFCE-A056B96051B1}.Debug|x64.ActiveCfg = Debug|Any CPU
		{B924B44C-DD84-42F8-AFCE-A056B96051B1}.Debug|x64.Build.0 = Debug|Any CPU
		{B924B44C-DD84-42F8-AFCE-A056B96051B1}.Debug|x86.ActiveCfg = Debug|Any CPU
		{B924B44C-DD84-42F8-AFCE-A056B96051B1}.Debug|x86.Build.0 = Debug|Any CPU
		{B924B44C-DD84-42F8-AFCE-A056B96051B1}.Release|Any CPU.ActiveCfg = Release|Any CPU
		{B924B44C-DD84-42F8-AFCE-A056B96051B1}.Release|Any CPU.Build.0 = Release|Any CPU
		{B924B44C-DD84-42F8-AFCE-A056B96051B1}.Release|x64.ActiveCfg = Release|Any CPU
		{B924B44C-DD84-42F8-AFCE-A056B96051B1}.Release|x64.Build.0 = Release|Any CPU
		{B924B44C-DD84-42F8-AFCE-A056B96051B1}.Release|x86.ActiveCfg = Release|Any CPU
		{B924B44C-DD84-42F8-AFCE-A056B96051B1}.Release|x86.Build.0 = Release|Any CPU
		{DEA15611-37CA-40A0-A9A9-5FFA4DC84990}.Debug|Any CPU.ActiveCfg = Debug|Any CPU
		{DEA15611-37CA-40A0-A9A9-5FFA4DC84990}.Debug|Any CPU.Build.0 = Debug|Any CPU
		{DEA15611-37CA-40A0-A9A9-5FFA4DC84990}.Debug|x64.ActiveCfg = Debug|Any CPU
		{DEA15611-37CA-40A0-A9A9-5FFA4DC84990}.Debug|x64.Build.0 = Debug|Any CPU
		{DEA15611-37CA-40A0-A9A9-5FFA4DC84990}.Debug|x86.ActiveCfg = Debug|Any CPU
		{DEA15611-37CA-40A0-A9A9-5FFA4DC84990}.Debug|x86.Build.0 = Debug|Any CPU
		{DEA15611-37CA-40A0-A9A9-5FFA4DC84990}.Release|Any CPU.ActiveCfg = Release|Any CPU
		{DEA15611-37CA-40A0-A9A9-5FFA4DC84990}.Release|Any CPU.Build.0 = Release|Any CPU
		{DEA15611-37CA-40A0-A9A9-5FFA4DC84990}.Release|x64.ActiveCfg = Release|Any CPU
		{DEA15611-37CA-40A0-A9A9-5FFA4DC84990}.Release|x64.Build.0 = Release|Any CPU
		{DEA15611-37CA-40A0-A9A9-5FFA4DC84990}.Release|x86.ActiveCfg = Release|Any CPU
		{DEA15611-37CA-40A0-A9A9-5FFA4DC84990}.Release|x86.Build.0 = Release|Any CPU
		{C256B444-CD60-463A-AE99-B055383E4C2C}.Debug|Any CPU.ActiveCfg = Debug|Any CPU
		{C256B444-CD60-463A-AE99-B055383E4C2C}.Debug|Any CPU.Build.0 = Debug|Any CPU
		{C256B444-CD60-463A-AE99-B055383E4C2C}.Debug|x64.ActiveCfg = Debug|Any CPU
		{C256B444-CD60-463A-AE99-B055383E4C2C}.Debug|x64.Build.0 = Debug|Any CPU
		{C256B444-CD60-463A-AE99-B055383E4C2C}.Debug|x86.ActiveCfg = Debug|Any CPU
		{C256B444-CD60-463A-AE99-B055383E4C2C}.Debug|x86.Build.0 = Debug|Any CPU
		{C256B444-CD60-463A-AE99-B055383E4C2C}.Release|Any CPU.ActiveCfg = Release|Any CPU
		{C256B444-CD60-463A-AE99-B055383E4C2C}.Release|Any CPU.Build.0 = Release|Any CPU
		{C256B444-CD60-463A-AE99-B055383E4C2C}.Release|x64.ActiveCfg = Release|Any CPU
		{C256B444-CD60-463A-AE99-B055383E4C2C}.Release|x64.Build.0 = Release|Any CPU
		{C256B444-CD60-463A-AE99-B055383E4C2C}.Release|x86.ActiveCfg = Release|Any CPU
		{C256B444-CD60-463A-AE99-B055383E4C2C}.Release|x86.Build.0 = Release|Any CPU
		{5891B8AC-7866-46A5-913C-5BD09ED32013}.Debug|Any CPU.ActiveCfg = Debug|Any CPU
		{5891B8AC-7866-46A5-913C-5BD09ED32013}.Debug|Any CPU.Build.0 = Debug|Any CPU
		{5891B8AC-7866-46A5-913C-5BD09ED32013}.Debug|x64.ActiveCfg = Debug|Any CPU
		{5891B8AC-7866-46A5-913C-5BD09ED32013}.Debug|x64.Build.0 = Debug|Any CPU
		{5891B8AC-7866-46A5-913C-5BD09ED32013}.Debug|x86.ActiveCfg = Debug|Any CPU
		{5891B8AC-7866-46A5-913C-5BD09ED32013}.Debug|x86.Build.0 = Debug|Any CPU
		{5891B8AC-7866-46A5-913C-5BD09ED32013}.Release|Any CPU.ActiveCfg = Release|Any CPU
		{5891B8AC-7866-46A5-913C-5BD09ED32013}.Release|Any CPU.Build.0 = Release|Any CPU
		{5891B8AC-7866-46A5-913C-5BD09ED32013}.Release|x64.ActiveCfg = Release|Any CPU
		{5891B8AC-7866-46A5-913C-5BD09ED32013}.Release|x64.Build.0 = Release|Any CPU
		{5891B8AC-7866-46A5-913C-5BD09ED32013}.Release|x86.ActiveCfg = Release|Any CPU
		{5891B8AC-7866-46A5-913C-5BD09ED32013}.Release|x86.Build.0 = Release|Any CPU
		{7D040791-43BB-49C8-85F6-1316E33FCC0C}.Debug|Any CPU.ActiveCfg = Debug|Any CPU
		{7D040791-43BB-49C8-85F6-1316E33FCC0C}.Debug|Any CPU.Build.0 = Debug|Any CPU
		{7D040791-43BB-49C8-85F6-1316E33FCC0C}.Debug|x64.ActiveCfg = Debug|Any CPU
		{7D040791-43BB-49C8-85F6-1316E33FCC0C}.Debug|x64.Build.0 = Debug|Any CPU
		{7D040791-43BB-49C8-85F6-1316E33FCC0C}.Debug|x86.ActiveCfg = Debug|Any CPU
		{7D040791-43BB-49C8-85F6-1316E33FCC0C}.Debug|x86.Build.0 = Debug|Any CPU
		{7D040791-43BB-49C8-85F6-1316E33FCC0C}.Release|Any CPU.ActiveCfg = Release|Any CPU
		{7D040791-43BB-49C8-85F6-1316E33FCC0C}.Release|Any CPU.Build.0 = Release|Any CPU
		{7D040791-43BB-49C8-85F6-1316E33FCC0C}.Release|x64.ActiveCfg = Release|Any CPU
		{7D040791-43BB-49C8-85F6-1316E33FCC0C}.Release|x64.Build.0 = Release|Any CPU
		{7D040791-43BB-49C8-85F6-1316E33FCC0C}.Release|x86.ActiveCfg = Release|Any CPU
		{7D040791-43BB-49C8-85F6-1316E33FCC0C}.Release|x86.Build.0 = Release|Any CPU
		{2782D89F-9481-46E6-8FC8-4720EF52C42B}.Debug|Any CPU.ActiveCfg = Debug|Any CPU
		{2782D89F-9481-46E6-8FC8-4720EF52C42B}.Debug|Any CPU.Build.0 = Debug|Any CPU
		{2782D89F-9481-46E6-8FC8-4720EF52C42B}.Debug|x64.ActiveCfg = Debug|Any CPU
		{2782D89F-9481-46E6-8FC8-4720EF52C42B}.Debug|x64.Build.0 = Debug|Any CPU
		{2782D89F-9481-46E6-8FC8-4720EF52C42B}.Debug|x86.ActiveCfg = Debug|Any CPU
		{2782D89F-9481-46E6-8FC8-4720EF52C42B}.Debug|x86.Build.0 = Debug|Any CPU
		{2782D89F-9481-46E6-8FC8-4720EF52C42B}.Release|Any CPU.ActiveCfg = Release|Any CPU
		{2782D89F-9481-46E6-8FC8-4720EF52C42B}.Release|Any CPU.Build.0 = Release|Any CPU
		{2782D89F-9481-46E6-8FC8-4720EF52C42B}.Release|x64.ActiveCfg = Release|Any CPU
		{2782D89F-9481-46E6-8FC8-4720EF52C42B}.Release|x64.Build.0 = Release|Any CPU
		{2782D89F-9481-46E6-8FC8-4720EF52C42B}.Release|x86.ActiveCfg = Release|Any CPU
		{2782D89F-9481-46E6-8FC8-4720EF52C42B}.Release|x86.Build.0 = Release|Any CPU
		{644FDF60-511C-4518-8133-802256E53014}.Debug|Any CPU.ActiveCfg = Debug|Any CPU
		{644FDF60-511C-4518-8133-802256E53014}.Debug|Any CPU.Build.0 = Debug|Any CPU
		{644FDF60-511C-4518-8133-802256E53014}.Debug|x64.ActiveCfg = Debug|Any CPU
		{644FDF60-511C-4518-8133-802256E53014}.Debug|x64.Build.0 = Debug|Any CPU
		{644FDF60-511C-4518-8133-802256E53014}.Debug|x86.ActiveCfg = Debug|Any CPU
		{644FDF60-511C-4518-8133-802256E53014}.Debug|x86.Build.0 = Debug|Any CPU
		{644FDF60-511C-4518-8133-802256E53014}.Release|Any CPU.ActiveCfg = Release|Any CPU
		{644FDF60-511C-4518-8133-802256E53014}.Release|Any CPU.Build.0 = Release|Any CPU
		{644FDF60-511C-4518-8133-802256E53014}.Release|x64.ActiveCfg = Release|Any CPU
		{644FDF60-511C-4518-8133-802256E53014}.Release|x64.Build.0 = Release|Any CPU
		{644FDF60-511C-4518-8133-802256E53014}.Release|x86.ActiveCfg = Release|Any CPU
		{644FDF60-511C-4518-8133-802256E53014}.Release|x86.Build.0 = Release|Any CPU
	EndGlobalSection
	GlobalSection(SolutionProperties) = preSolution
		HideSolutionNode = FALSE
	EndGlobalSection
	GlobalSection(NestedProjects) = preSolution
		{ED3A6F05-8B42-2A19-DFFE-FDDDF787C538} = {827E0CD3-B72D-47B6-A68D-7590B98EB39B}
		{8BE51560-0583-4947-B136-9E516EE5AB35} = {ED3A6F05-8B42-2A19-DFFE-FDDDF787C538}
		{90298CBA-BD6F-3A0A-69D5-97CAD7B05E7E} = {827E0CD3-B72D-47B6-A68D-7590B98EB39B}
		{688DBB0F-FF73-4245-9F9F-113D03553150} = {90298CBA-BD6F-3A0A-69D5-97CAD7B05E7E}
		{65ABFB5D-2B10-DF64-BF12-C17976F8E5D9} = {827E0CD3-B72D-47B6-A68D-7590B98EB39B}
		{08CB9D8E-344C-491B-A7D5-B7852F412672} = {65ABFB5D-2B10-DF64-BF12-C17976F8E5D9}
		{984BB9B3-3FA3-BE33-9484-CAC21695A33C} = {827E0CD3-B72D-47B6-A68D-7590B98EB39B}
		{6C0557C3-B1C9-A54D-46F8-F4FBBDE30E30} = {984BB9B3-3FA3-BE33-9484-CAC21695A33C}
		{D9D7FD1B-5D60-4F84-8F96-D90929E4E797} = {6C0557C3-B1C9-A54D-46F8-F4FBBDE30E30}
		{37919BF2-E647-A481-2B3B-EF3143149856} = {984BB9B3-3FA3-BE33-9484-CAC21695A33C}
		{9F432567-0D38-489D-A02D-8CA39718BD2A} = {37919BF2-E647-A481-2B3B-EF3143149856}
		{06F25572-42BC-460A-8BB9-6BE94A93A4A2} = {37919BF2-E647-A481-2B3B-EF3143149856}
		{B402F149-3793-46D9-92BE-0C50A332D00E} = {37919BF2-E647-A481-2B3B-EF3143149856}
		{B4D7C7A2-D61C-4191-8D39-55E768710A1A} = {37919BF2-E647-A481-2B3B-EF3143149856}
		{F7D2595A-5944-4705-8188-5342FF9C5A25} = {37919BF2-E647-A481-2B3B-EF3143149856}
		{C91C1CF1-1625-0789-F869-53D87D6277BA} = {984BB9B3-3FA3-BE33-9484-CAC21695A33C}
		{467B822C-F032-4A2F-B402-8E38ECF92FC2} = {C91C1CF1-1625-0789-F869-53D87D6277BA}
		{83346A78-8B00-CE0E-19A0-2626A161E1C7} = {984BB9B3-3FA3-BE33-9484-CAC21695A33C}
		{2134AC12-B4D5-449F-AD69-BD5FAFDDF2C9} = {83346A78-8B00-CE0E-19A0-2626A161E1C7}
		{EEA4A782-341D-6440-FC22-D64D0B11E3C8} = {984BB9B3-3FA3-BE33-9484-CAC21695A33C}
		{DFCADA95-A413-4C4B-ADDC-FEAAB5804D3A} = {EEA4A782-341D-6440-FC22-D64D0B11E3C8}
		{3215BA1D-5026-D910-1D4D-8B34D6CA9D0B} = {984BB9B3-3FA3-BE33-9484-CAC21695A33C}
		{E38EA596-26DE-46B9-9E27-481E67B1B2E3} = {3215BA1D-5026-D910-1D4D-8B34D6CA9D0B}
		{9DA472BF-9A20-0114-30B7-54E1E1837EA6} = {984BB9B3-3FA3-BE33-9484-CAC21695A33C}
		{10915B7B-77CD-4C7F-AA11-D3621710DBED} = {9DA472BF-9A20-0114-30B7-54E1E1837EA6}
		{B851199A-4979-E597-3D50-97AC5992BBAF} = {984BB9B3-3FA3-BE33-9484-CAC21695A33C}
		{1B1C2D67-8DD4-90A0-4703-F9A1D1EA0ED6} = {B851199A-4979-E597-3D50-97AC5992BBAF}
		{587D1C1F-8435-41C7-A55E-A2F2F6B82DFC} = {1B1C2D67-8DD4-90A0-4703-F9A1D1EA0ED6}
		{B924B44C-DD84-42F8-AFCE-A056B96051B1} = {1B1C2D67-8DD4-90A0-4703-F9A1D1EA0ED6}
		{59692A4D-6C68-02AE-75B7-D695E4756082} = {B851199A-4979-E597-3D50-97AC5992BBAF}
		{DEA15611-37CA-40A0-A9A9-5FFA4DC84990} = {59692A4D-6C68-02AE-75B7-D695E4756082}
		{A84557B1-F395-7707-472A-A45A3CBA9892} = {B851199A-4979-E597-3D50-97AC5992BBAF}
		{C256B444-CD60-463A-AE99-B055383E4C2C} = {A84557B1-F395-7707-472A-A45A3CBA9892}
		{3FB03296-F262-2760-9861-73C41AF3766C} = {984BB9B3-3FA3-BE33-9484-CAC21695A33C}
		{5891B8AC-7866-46A5-913C-5BD09ED32013} = {3FB03296-F262-2760-9861-73C41AF3766C}
		{43A920A1-4C25-634D-9B59-9C5EE178D748} = {984BB9B3-3FA3-BE33-9484-CAC21695A33C}
		{7D040791-43BB-49C8-85F6-1316E33FCC0C} = {43A920A1-4C25-634D-9B59-9C5EE178D748}
		{03997797-E7F5-0643-168D-B8EA7178C2FE} = {827E0CD3-B72D-47B6-A68D-7590B98EB39B}
		{2782D89F-9481-46E6-8FC8-4720EF52C42B} = {03997797-E7F5-0643-168D-B8EA7178C2FE}
		{644FDF60-511C-4518-8133-802256E53014} = {03997797-E7F5-0643-168D-B8EA7178C2FE}
	EndGlobalSection
EndGlobal
