
Microsoft Visual Studio Solution File, Format Version 12.00
# Visual Studio Version 17
VisualStudioVersion = 17.9.34714.143
MinimumVisualStudioVersion = 10.0.40219.1
Project("{2150E333-8FDC-42A3-9474-1A3956D46DE8}") = "Services", "Services", "{9F615E01-5DD2-4C01-AC70-B521D88F0064}"
EndProject
Project("{2150E333-8FDC-42A3-9474-1A3956D46DE8}") = "Catalog", "Catalog", "{E500B2DD-31CE-483B-9816-65DABF179FE2}"
EndProject
Project("{9A19103F-16F7-4668-BE54-9A1E7A4F7556}") = "MultiShop.Catalog", "Services\Catalog\MultiShop.Catalog\MultiShop.Catalog.csproj", "{65F52898-C003-4B73-8B75-5E69332544C3}"
EndProject
Project("{2150E333-8FDC-42A3-9474-1A3956D46DE8}") = "Discount", "Discount", "{FD22EC37-DCCE-4B57-9BA0-449C1911E706}"
EndProject
Project("{9A19103F-16F7-4668-BE54-9A1E7A4F7556}") = "MultiShop.Discount", "Services\Discount\MultiShop.Discount\MultiShop.Discount.csproj", "{DF8B82CE-7471-447C-9BCA-7CF6AA97C359}"
EndProject
Project("{2150E333-8FDC-42A3-9474-1A3956D46DE8}") = "Order", "Order", "{F4E71D8A-6D71-4657-819C-647A5B52901F}"
EndProject
Project("{2150E333-8FDC-42A3-9474-1A3956D46DE8}") = "Core", "Core", "{0FD73A68-882F-4EB2-93B9-195498DF934A}"
EndProject
Project("{2150E333-8FDC-42A3-9474-1A3956D46DE8}") = "Infrastructure", "Infrastructure", "{E9E0238A-1D27-401D-A9E1-90C45CC82007}"
EndProject
Project("{2150E333-8FDC-42A3-9474-1A3956D46DE8}") = "Presentation", "Presentation", "{403C17D2-2E0C-44AB-9C59-BE706A1D2E43}"
EndProject
Project("{9A19103F-16F7-4668-BE54-9A1E7A4F7556}") = "MultiShop.Order.Domain", "Services\Order\Core\MultiShop.Order.Domain\MultiShop.Order.Domain.csproj", "{C0EC6394-1DF4-49C8-87D5-BDB9F413E918}"
EndProject
Project("{9A19103F-16F7-4668-BE54-9A1E7A4F7556}") = "MultiShop.Order.Application", "Services\Order\Core\MultiShop.Order.Application\MultiShop.Order.Application.csproj", "{4BDF0C99-BDCA-4992-8923-9479D0C3FEC7}"
EndProject
Project("{9A19103F-16F7-4668-BE54-9A1E7A4F7556}") = "MultiShop.Order.Persistence", "Services\Order\Infrastructure\MultiShop.Order.Persistence\MultiShop.Order.Persistence.csproj", "{38D051BE-C3EB-4BF0-A377-7D79E846DD07}"
EndProject
Project("{9A19103F-16F7-4668-BE54-9A1E7A4F7556}") = "MultiShop.Order.WebApi", "Services\Order\Presentation\MultiShop.Order.WebApi\MultiShop.Order.WebApi.csproj", "{26E518AE-9AE9-4023-93DA-0EAFDCB61F5F}"
EndProject
Project("{2150E333-8FDC-42A3-9474-1A3956D46DE8}") = "IdentityServer", "IdentityServer", "{D1A263D5-A6B4-4715-AEC0-D4546520C441}"
EndProject
Project("{9A19103F-16F7-4668-BE54-9A1E7A4F7556}") = "MultiShop.IdentityServer", "IdentityServer\MultiShop.IdentityServer\MultiShop.IdentityServer.csproj", "{CD0CCC9F-0E50-4D33-8C1B-A7939693968B}"
EndProject
Project("{2150E333-8FDC-42A3-9474-1A3956D46DE8}") = "Requirements", "Requirements", "{BFFC6C3F-6E9F-47CC-A2ED-7B4887756E5C}"
	ProjectSection(SolutionItems) = preProject
		AdminStatisticApiForUI.txt = AdminStatisticApiForUI.txt
		FontAwesomeLink.txt = FontAwesomeLink.txt
		IdentityServerVersionErrorSolution.txt = IdentityServerVersionErrorSolution.txt
		LoginIndex.txt = LoginIndex.txt
		OcelotCodeExample.txt = OcelotCodeExample.txt
		OcelotLink.txt = OcelotLink.txt
		Orderhtml.txt = Orderhtml.txt
		PortainerCmd.txt = PortainerCmd.txt
		PortNumbers.txt = PortNumbers.txt
		SimpleCode.txt = SimpleCode.txt
		UserExample.txt = UserExample.txt
	EndProjectSection
EndProject
Project("{2150E333-8FDC-42A3-9474-1A3956D46DE8}") = "Cargo", "Cargo", "{81D4A69A-90A8-4FF7-8E0C-08194A714044}"
EndProject
Project("{9A19103F-16F7-4668-BE54-9A1E7A4F7556}") = "MultiShop.Cargo.EntityLayer", "Services\Cargo\MultiShop.Cargo.EntityLayer\MultiShop.Cargo.EntityLayer.csproj", "{159FD3C2-FE84-490C-8A61-F64FCB6F899D}"
EndProject
Project("{9A19103F-16F7-4668-BE54-9A1E7A4F7556}") = "MultiShop.Cargo.BusinessLayer", "Services\Cargo\MultiShop.Cargo.BusinessLayer\MultiShop.Cargo.BusinessLayer.csproj", "{803652D4-F307-4E47-BBDD-8764EF3C4388}"
EndProject
Project("{9A19103F-16F7-4668-BE54-9A1E7A4F7556}") = "MultiShop.Cargo.DataAccessLayer", "Services\Cargo\MultiShop.Cargo.DataAccessLayer\MultiShop.Cargo.DataAccessLayer.csproj", "{5CE0BEEB-0E8A-4BF2-A61F-902FDB92A5A1}"
EndProject
Project("{9A19103F-16F7-4668-BE54-9A1E7A4F7556}") = "MultiShop.Cargo.DtoLayer", "Services\Cargo\MultiShop.Cargo.DtoLayer\MultiShop.Cargo.DtoLayer.csproj", "{07FE4B25-1C41-4C85-ACDA-FFD58CACAF45}"
EndProject
Project("{9A19103F-16F7-4668-BE54-9A1E7A4F7556}") = "MultiShop.Cargo.WebApi", "Services\Cargo\MultiShop.Cargo.WebApi\MultiShop.Cargo.WebApi.csproj", "{C1E5D5ED-B00D-4BA2-86A9-32499A074321}"
EndProject
Project("{2150E333-8FDC-42A3-9474-1A3956D46DE8}") = "Basket", "Basket", "{94528470-659F-4724-B665-9093F5717D6F}"
EndProject
Project("{9A19103F-16F7-4668-BE54-9A1E7A4F7556}") = "MultiShop.Basket", "Services\Basket\MultiShop.Basket\MultiShop.Basket.csproj", "{FD3F5462-3DE8-44E3-8BBE-3458A5DE9422}"
EndProject
Project("{2150E333-8FDC-42A3-9474-1A3956D46DE8}") = "Frontends", "Frontends", "{0A4E45EF-E829-4C66-AE8B-48FB52A9A3C9}"
EndProject
Project("{9A19103F-16F7-4668-BE54-9A1E7A4F7556}") = "MultiShop.WebUI", "Frontends\MultiShop.WebUI\MultiShop.WebUI.csproj", "{82339AD3-E869-4EAC-9529-4F26AECCF3E0}"
EndProject
Project("{9A19103F-16F7-4668-BE54-9A1E7A4F7556}") = "MultiShop.DtoLayer", "Frontends\MultiShop.DtoLayer\MultiShop.DtoLayer.csproj", "{BE319ED0-4BD2-47B6-BBE7-6CA4279DC23B}"
EndProject
Project("{2150E333-8FDC-42A3-9474-1A3956D46DE8}") = "Comment", "Comment", "{3694CCA8-D674-4E78-B5DA-DC4A13F98846}"
EndProject
Project("{9A19103F-16F7-4668-BE54-9A1E7A4F7556}") = "MultiShop.Comment", "Services\Comment\MultiShop.Comment\MultiShop.Comment.csproj", "{59946783-887A-4B02-B6EA-09B1A9C3CA9F}"
EndProject
Project("{2150E333-8FDC-42A3-9474-1A3956D46DE8}") = "ApiGateWay", "ApiGateWay", "{02EA681E-C7D8-13C7-8484-4AC65E1B71E8}"
EndProject
Project("{2150E333-8FDC-42A3-9474-1A3956D46DE8}") = "RapidApi", "RapidApi", "{9C1182C5-C2C9-4899-BDFA-C9E82CDC193D}"
EndProject
Project("{FAE04EC0-301F-11D3-BF4B-00C04F79EFBC}") = "MultiShop.OcelotGateway", "MultiShop\ApiGateway\MultiShop.OcelotGateway\MultiShop.OcelotGateway.csproj", "{34A020E8-5B3F-4CD8-B04D-3C853894EAB5}"
EndProject
Project("{2150E333-8FDC-42A3-9474-1A3956D46DE8}") = "Payment", "Payment", "{3C89FA88-6C19-40D1-A2E3-C7F379592C59}"
EndProject
Project("{FAE04EC0-301F-11D3-BF4B-00C04F79EFBC}") = "MultiShop.Payment", "Services\Payment\MultiShop.Payment\MultiShop.Payment.csproj", "{268F9FBD-A5AD-4385-819D-1074783A3FBC}"
EndProject
Project("{2150E333-8FDC-42A3-9474-1A3956D46DE8}") = "Images", "Images", "{4D3DFFCF-60D6-407A-9582-801968944571}"
EndProject
Project("{FAE04EC0-301F-11D3-BF4B-00C04F79EFBC}") = "MultiShop.Images", "Services\Images\MultiShop.Images\MultiShop.Images.csproj", "{7BFAAB01-4F41-4D33-91E4-D56869BC05CB}"
EndProject
Project("{2150E333-8FDC-42A3-9474-1A3956D46DE8}") = "Message", "Message", "{527C19D1-C902-4E26-AC3F-57AC6B92F832}"
EndProject
Project("{FAE04EC0-301F-11D3-BF4B-00C04F79EFBC}") = "MultiShop.Message", "Services\Message\MultiShop.Message\MultiShop.Message.csproj", "{D8F4D3E4-9279-42C0-89B2-EFD5A7E3D23D}"
EndProject
Project("{2150E333-8FDC-42A3-9474-1A3956D46DE8}") = "SignalRRealTime", "SignalRRealTime", "{DF3818D2-67FA-423D-ABED-4EE57B10B4C3}"
EndProject
Project("{FAE04EC0-301F-11D3-BF4B-00C04F79EFBC}") = "MultiShop.SignalRRealTimeApi", "Services\SignalRRealTime\MultiShop.SignalRRealTimeApi\MultiShop.SignalRRealTimeApi.csproj", "{A3952C2B-FAF8-49A4-B651-E4E144E80B52}"
EndProject
Project("{FAE04EC0-301F-11D3-BF4B-00C04F79EFBC}") = "MultiShop.Images.WebUI", "Services\Images\MultiShop.Images.WebUI\MultiShop.Images.WebUI.csproj", "{BAEF8E1F-914A-46B0-913B-759B64AB2ED0}"
EndProject
Project("{2150E333-8FDC-42A3-9474-1A3956D46DE8}") = "RapiddApi", "RapiddApi", "{B36970BB-6081-4B22-8091-B881EFD59982}"
EndProject
Project("{FAE04EC0-301F-11D3-BF4B-00C04F79EFBC}") = "MultiShop.RapidApiWebUI", "RapiddApi\MultiShop.RapidApiWebUI\MultiShop.RapidApiWebUI.csproj", "{32990BD3-10FC-4235-896E-73084A10D7D4}"
EndProject
Project("{2150E333-8FDC-42A3-9474-1A3956D46DE8}") = "RabbitMQMessage", "RabbitMQMessage", "{CD2C640B-B5F0-43C9-90AD-CA93AD9D7B97}"
EndProject
Project("{FAE04EC0-301F-11D3-BF4B-00C04F79EFBC}") = "MultiShop.RabbitMQMessageApi", "Services\RabbitMQMessage\MultiShop.RabbitMQMessageApi\MultiShop.RabbitMQMessageApi.csproj", "{CC9AD563-3F04-4B78-B80B-7EB4D7353C2D}"
EndProject
Global
	GlobalSection(SolutionConfigurationPlatforms) = preSolution
		Debug|Any CPU = Debug|Any CPU
		Release|Any CPU = Release|Any CPU
	EndGlobalSection
	GlobalSection(ProjectConfigurationPlatforms) = postSolution
		{65F52898-C003-4B73-8B75-5E69332544C3}.Debug|Any CPU.ActiveCfg = Debug|Any CPU
		{65F52898-C003-4B73-8B75-5E69332544C3}.Debug|Any CPU.Build.0 = Debug|Any CPU
		{65F52898-C003-4B73-8B75-5E69332544C3}.Release|Any CPU.ActiveCfg = Release|Any CPU
		{65F52898-C003-4B73-8B75-5E69332544C3}.Release|Any CPU.Build.0 = Release|Any CPU
		{DF8B82CE-7471-447C-9BCA-7CF6AA97C359}.Debug|Any CPU.ActiveCfg = Debug|Any CPU
		{DF8B82CE-7471-447C-9BCA-7CF6AA97C359}.Debug|Any CPU.Build.0 = Debug|Any CPU
		{DF8B82CE-7471-447C-9BCA-7CF6AA97C359}.Release|Any CPU.ActiveCfg = Release|Any CPU
		{DF8B82CE-7471-447C-9BCA-7CF6AA97C359}.Release|Any CPU.Build.0 = Release|Any CPU
		{C0EC6394-1DF4-49C8-87D5-BDB9F413E918}.Debug|Any CPU.ActiveCfg = Debug|Any CPU
		{C0EC6394-1DF4-49C8-87D5-BDB9F413E918}.Debug|Any CPU.Build.0 = Debug|Any CPU
		{C0EC6394-1DF4-49C8-87D5-BDB9F413E918}.Release|Any CPU.ActiveCfg = Release|Any CPU
		{C0EC6394-1DF4-49C8-87D5-BDB9F413E918}.Release|Any CPU.Build.0 = Release|Any CPU
		{4BDF0C99-BDCA-4992-8923-9479D0C3FEC7}.Debug|Any CPU.ActiveCfg = Debug|Any CPU
		{4BDF0C99-BDCA-4992-8923-9479D0C3FEC7}.Debug|Any CPU.Build.0 = Debug|Any CPU
		{4BDF0C99-BDCA-4992-8923-9479D0C3FEC7}.Release|Any CPU.ActiveCfg = Release|Any CPU
		{4BDF0C99-BDCA-4992-8923-9479D0C3FEC7}.Release|Any CPU.Build.0 = Release|Any CPU
		{38D051BE-C3EB-4BF0-A377-7D79E846DD07}.Debug|Any CPU.ActiveCfg = Debug|Any CPU
		{38D051BE-C3EB-4BF0-A377-7D79E846DD07}.Debug|Any CPU.Build.0 = Debug|Any CPU
		{38D051BE-C3EB-4BF0-A377-7D79E846DD07}.Release|Any CPU.ActiveCfg = Release|Any CPU
		{38D051BE-C3EB-4BF0-A377-7D79E846DD07}.Release|Any CPU.Build.0 = Release|Any CPU
		{26E518AE-9AE9-4023-93DA-0EAFDCB61F5F}.Debug|Any CPU.ActiveCfg = Debug|Any CPU
		{26E518AE-9AE9-4023-93DA-0EAFDCB61F5F}.Debug|Any CPU.Build.0 = Debug|Any CPU
		{26E518AE-9AE9-4023-93DA-0EAFDCB61F5F}.Release|Any CPU.ActiveCfg = Release|Any CPU
		{26E518AE-9AE9-4023-93DA-0EAFDCB61F5F}.Release|Any CPU.Build.0 = Release|Any CPU
		{CD0CCC9F-0E50-4D33-8C1B-A7939693968B}.Debug|Any CPU.ActiveCfg = Debug|Any CPU
		{CD0CCC9F-0E50-4D33-8C1B-A7939693968B}.Debug|Any CPU.Build.0 = Debug|Any CPU
		{CD0CCC9F-0E50-4D33-8C1B-A7939693968B}.Release|Any CPU.ActiveCfg = Release|Any CPU
		{CD0CCC9F-0E50-4D33-8C1B-A7939693968B}.Release|Any CPU.Build.0 = Release|Any CPU
		{159FD3C2-FE84-490C-8A61-F64FCB6F899D}.Debug|Any CPU.ActiveCfg = Debug|Any CPU
		{159FD3C2-FE84-490C-8A61-F64FCB6F899D}.Debug|Any CPU.Build.0 = Debug|Any CPU
		{159FD3C2-FE84-490C-8A61-F64FCB6F899D}.Release|Any CPU.ActiveCfg = Release|Any CPU
		{159FD3C2-FE84-490C-8A61-F64FCB6F899D}.Release|Any CPU.Build.0 = Release|Any CPU
		{803652D4-F307-4E47-BBDD-8764EF3C4388}.Debug|Any CPU.ActiveCfg = Debug|Any CPU
		{803652D4-F307-4E47-BBDD-8764EF3C4388}.Debug|Any CPU.Build.0 = Debug|Any CPU
		{803652D4-F307-4E47-BBDD-8764EF3C4388}.Release|Any CPU.ActiveCfg = Release|Any CPU
		{803652D4-F307-4E47-BBDD-8764EF3C4388}.Release|Any CPU.Build.0 = Release|Any CPU
		{5CE0BEEB-0E8A-4BF2-A61F-902FDB92A5A1}.Debug|Any CPU.ActiveCfg = Debug|Any CPU
		{5CE0BEEB-0E8A-4BF2-A61F-902FDB92A5A1}.Debug|Any CPU.Build.0 = Debug|Any CPU
		{5CE0BEEB-0E8A-4BF2-A61F-902FDB92A5A1}.Release|Any CPU.ActiveCfg = Release|Any CPU
		{5CE0BEEB-0E8A-4BF2-A61F-902FDB92A5A1}.Release|Any CPU.Build.0 = Release|Any CPU
		{07FE4B25-1C41-4C85-ACDA-FFD58CACAF45}.Debug|Any CPU.ActiveCfg = Debug|Any CPU
		{07FE4B25-1C41-4C85-ACDA-FFD58CACAF45}.Debug|Any CPU.Build.0 = Debug|Any CPU
		{07FE4B25-1C41-4C85-ACDA-FFD58CACAF45}.Release|Any CPU.ActiveCfg = Release|Any CPU
		{07FE4B25-1C41-4C85-ACDA-FFD58CACAF45}.Release|Any CPU.Build.0 = Release|Any CPU
		{C1E5D5ED-B00D-4BA2-86A9-32499A074321}.Debug|Any CPU.ActiveCfg = Debug|Any CPU
		{C1E5D5ED-B00D-4BA2-86A9-32499A074321}.Debug|Any CPU.Build.0 = Debug|Any CPU
		{C1E5D5ED-B00D-4BA2-86A9-32499A074321}.Release|Any CPU.ActiveCfg = Release|Any CPU
		{C1E5D5ED-B00D-4BA2-86A9-32499A074321}.Release|Any CPU.Build.0 = Release|Any CPU
		{FD3F5462-3DE8-44E3-8BBE-3458A5DE9422}.Debug|Any CPU.ActiveCfg = Debug|Any CPU
		{FD3F5462-3DE8-44E3-8BBE-3458A5DE9422}.Debug|Any CPU.Build.0 = Debug|Any CPU
		{FD3F5462-3DE8-44E3-8BBE-3458A5DE9422}.Release|Any CPU.ActiveCfg = Release|Any CPU
		{FD3F5462-3DE8-44E3-8BBE-3458A5DE9422}.Release|Any CPU.Build.0 = Release|Any CPU
		{82339AD3-E869-4EAC-9529-4F26AECCF3E0}.Debug|Any CPU.ActiveCfg = Debug|Any CPU
		{82339AD3-E869-4EAC-9529-4F26AECCF3E0}.Debug|Any CPU.Build.0 = Debug|Any CPU
		{82339AD3-E869-4EAC-9529-4F26AECCF3E0}.Release|Any CPU.ActiveCfg = Release|Any CPU
		{82339AD3-E869-4EAC-9529-4F26AECCF3E0}.Release|Any CPU.Build.0 = Release|Any CPU
		{BE319ED0-4BD2-47B6-BBE7-6CA4279DC23B}.Debug|Any CPU.ActiveCfg = Debug|Any CPU
		{BE319ED0-4BD2-47B6-BBE7-6CA4279DC23B}.Debug|Any CPU.Build.0 = Debug|Any CPU
		{BE319ED0-4BD2-47B6-BBE7-6CA4279DC23B}.Release|Any CPU.ActiveCfg = Release|Any CPU
		{BE319ED0-4BD2-47B6-BBE7-6CA4279DC23B}.Release|Any CPU.Build.0 = Release|Any CPU
		{59946783-887A-4B02-B6EA-09B1A9C3CA9F}.Debug|Any CPU.ActiveCfg = Debug|Any CPU
		{59946783-887A-4B02-B6EA-09B1A9C3CA9F}.Debug|Any CPU.Build.0 = Debug|Any CPU
		{59946783-887A-4B02-B6EA-09B1A9C3CA9F}.Release|Any CPU.ActiveCfg = Release|Any CPU
		{59946783-887A-4B02-B6EA-09B1A9C3CA9F}.Release|Any CPU.Build.0 = Release|Any CPU
		{34A020E8-5B3F-4CD8-B04D-3C853894EAB5}.Debug|Any CPU.ActiveCfg = Debug|Any CPU
		{34A020E8-5B3F-4CD8-B04D-3C853894EAB5}.Debug|Any CPU.Build.0 = Debug|Any CPU
		{34A020E8-5B3F-4CD8-B04D-3C853894EAB5}.Release|Any CPU.ActiveCfg = Release|Any CPU
		{34A020E8-5B3F-4CD8-B04D-3C853894EAB5}.Release|Any CPU.Build.0 = Release|Any CPU
		{268F9FBD-A5AD-4385-819D-1074783A3FBC}.Debug|Any CPU.ActiveCfg = Debug|Any CPU
		{268F9FBD-A5AD-4385-819D-1074783A3FBC}.Debug|Any CPU.Build.0 = Debug|Any CPU
		{268F9FBD-A5AD-4385-819D-1074783A3FBC}.Release|Any CPU.ActiveCfg = Release|Any CPU
		{268F9FBD-A5AD-4385-819D-1074783A3FBC}.Release|Any CPU.Build.0 = Release|Any CPU
		{7BFAAB01-4F41-4D33-91E4-D56869BC05CB}.Debug|Any CPU.ActiveCfg = Debug|Any CPU
		{7BFAAB01-4F41-4D33-91E4-D56869BC05CB}.Debug|Any CPU.Build.0 = Debug|Any CPU
		{7BFAAB01-4F41-4D33-91E4-D56869BC05CB}.Release|Any CPU.ActiveCfg = Release|Any CPU
		{7BFAAB01-4F41-4D33-91E4-D56869BC05CB}.Release|Any CPU.Build.0 = Release|Any CPU
		{D8F4D3E4-9279-42C0-89B2-EFD5A7E3D23D}.Debug|Any CPU.ActiveCfg = Debug|Any CPU
		{D8F4D3E4-9279-42C0-89B2-EFD5A7E3D23D}.Debug|Any CPU.Build.0 = Debug|Any CPU
		{D8F4D3E4-9279-42C0-89B2-EFD5A7E3D23D}.Release|Any CPU.ActiveCfg = Release|Any CPU
		{D8F4D3E4-9279-42C0-89B2-EFD5A7E3D23D}.Release|Any CPU.Build.0 = Release|Any CPU
		{A3952C2B-FAF8-49A4-B651-E4E144E80B52}.Debug|Any CPU.ActiveCfg = Debug|Any CPU
		{A3952C2B-FAF8-49A4-B651-E4E144E80B52}.Debug|Any CPU.Build.0 = Debug|Any CPU
		{A3952C2B-FAF8-49A4-B651-E4E144E80B52}.Release|Any CPU.ActiveCfg = Release|Any CPU
		{A3952C2B-FAF8-49A4-B651-E4E144E80B52}.Release|Any CPU.Build.0 = Release|Any CPU
		{BAEF8E1F-914A-46B0-913B-759B64AB2ED0}.Debug|Any CPU.ActiveCfg = Debug|Any CPU
		{BAEF8E1F-914A-46B0-913B-759B64AB2ED0}.Debug|Any CPU.Build.0 = Debug|Any CPU
		{BAEF8E1F-914A-46B0-913B-759B64AB2ED0}.Release|Any CPU.ActiveCfg = Release|Any CPU
		{BAEF8E1F-914A-46B0-913B-759B64AB2ED0}.Release|Any CPU.Build.0 = Release|Any CPU
		{32990BD3-10FC-4235-896E-73084A10D7D4}.Debug|Any CPU.ActiveCfg = Debug|Any CPU
		{32990BD3-10FC-4235-896E-73084A10D7D4}.Debug|Any CPU.Build.0 = Debug|Any CPU
		{32990BD3-10FC-4235-896E-73084A10D7D4}.Release|Any CPU.ActiveCfg = Release|Any CPU
		{32990BD3-10FC-4235-896E-73084A10D7D4}.Release|Any CPU.Build.0 = Release|Any CPU
		{CC9AD563-3F04-4B78-B80B-7EB4D7353C2D}.Debug|Any CPU.ActiveCfg = Debug|Any CPU
		{CC9AD563-3F04-4B78-B80B-7EB4D7353C2D}.Debug|Any CPU.Build.0 = Debug|Any CPU
		{CC9AD563-3F04-4B78-B80B-7EB4D7353C2D}.Release|Any CPU.ActiveCfg = Release|Any CPU
		{CC9AD563-3F04-4B78-B80B-7EB4D7353C2D}.Release|Any CPU.Build.0 = Release|Any CPU
	EndGlobalSection
	GlobalSection(SolutionProperties) = preSolution
		HideSolutionNode = FALSE
	EndGlobalSection
	GlobalSection(NestedProjects) = preSolution
		{E500B2DD-31CE-483B-9816-65DABF179FE2} = {9F615E01-5DD2-4C01-AC70-B521D88F0064}
		{65F52898-C003-4B73-8B75-5E69332544C3} = {E500B2DD-31CE-483B-9816-65DABF179FE2}
		{FD22EC37-DCCE-4B57-9BA0-449C1911E706} = {9F615E01-5DD2-4C01-AC70-B521D88F0064}
		{DF8B82CE-7471-447C-9BCA-7CF6AA97C359} = {FD22EC37-DCCE-4B57-9BA0-449C1911E706}
		{F4E71D8A-6D71-4657-819C-647A5B52901F} = {9F615E01-5DD2-4C01-AC70-B521D88F0064}
		{0FD73A68-882F-4EB2-93B9-195498DF934A} = {F4E71D8A-6D71-4657-819C-647A5B52901F}
		{E9E0238A-1D27-401D-A9E1-90C45CC82007} = {F4E71D8A-6D71-4657-819C-647A5B52901F}
		{403C17D2-2E0C-44AB-9C59-BE706A1D2E43} = {F4E71D8A-6D71-4657-819C-647A5B52901F}
		{C0EC6394-1DF4-49C8-87D5-BDB9F413E918} = {0FD73A68-882F-4EB2-93B9-195498DF934A}
		{4BDF0C99-BDCA-4992-8923-9479D0C3FEC7} = {0FD73A68-882F-4EB2-93B9-195498DF934A}
		{38D051BE-C3EB-4BF0-A377-7D79E846DD07} = {E9E0238A-1D27-401D-A9E1-90C45CC82007}
		{26E518AE-9AE9-4023-93DA-0EAFDCB61F5F} = {403C17D2-2E0C-44AB-9C59-BE706A1D2E43}
		{CD0CCC9F-0E50-4D33-8C1B-A7939693968B} = {D1A263D5-A6B4-4715-AEC0-D4546520C441}
		{81D4A69A-90A8-4FF7-8E0C-08194A714044} = {9F615E01-5DD2-4C01-AC70-B521D88F0064}
		{159FD3C2-FE84-490C-8A61-F64FCB6F899D} = {81D4A69A-90A8-4FF7-8E0C-08194A714044}
		{803652D4-F307-4E47-BBDD-8764EF3C4388} = {81D4A69A-90A8-4FF7-8E0C-08194A714044}
		{5CE0BEEB-0E8A-4BF2-A61F-902FDB92A5A1} = {81D4A69A-90A8-4FF7-8E0C-08194A714044}
		{07FE4B25-1C41-4C85-ACDA-FFD58CACAF45} = {81D4A69A-90A8-4FF7-8E0C-08194A714044}
		{C1E5D5ED-B00D-4BA2-86A9-32499A074321} = {81D4A69A-90A8-4FF7-8E0C-08194A714044}
		{94528470-659F-4724-B665-9093F5717D6F} = {9F615E01-5DD2-4C01-AC70-B521D88F0064}
		{FD3F5462-3DE8-44E3-8BBE-3458A5DE9422} = {94528470-659F-4724-B665-9093F5717D6F}
		{82339AD3-E869-4EAC-9529-4F26AECCF3E0} = {0A4E45EF-E829-4C66-AE8B-48FB52A9A3C9}
		{BE319ED0-4BD2-47B6-BBE7-6CA4279DC23B} = {0A4E45EF-E829-4C66-AE8B-48FB52A9A3C9}
		{3694CCA8-D674-4E78-B5DA-DC4A13F98846} = {9F615E01-5DD2-4C01-AC70-B521D88F0064}
		{59946783-887A-4B02-B6EA-09B1A9C3CA9F} = {3694CCA8-D674-4E78-B5DA-DC4A13F98846}
		{34A020E8-5B3F-4CD8-B04D-3C853894EAB5} = {02EA681E-C7D8-13C7-8484-4AC65E1B71E8}
		{3C89FA88-6C19-40D1-A2E3-C7F379592C59} = {9F615E01-5DD2-4C01-AC70-B521D88F0064}
		{268F9FBD-A5AD-4385-819D-1074783A3FBC} = {3C89FA88-6C19-40D1-A2E3-C7F379592C59}
		{4D3DFFCF-60D6-407A-9582-801968944571} = {9F615E01-5DD2-4C01-AC70-B521D88F0064}
		{7BFAAB01-4F41-4D33-91E4-D56869BC05CB} = {4D3DFFCF-60D6-407A-9582-801968944571}
		{527C19D1-C902-4E26-AC3F-57AC6B92F832} = {9F615E01-5DD2-4C01-AC70-B521D88F0064}
		{D8F4D3E4-9279-42C0-89B2-EFD5A7E3D23D} = {527C19D1-C902-4E26-AC3F-57AC6B92F832}
		{DF3818D2-67FA-423D-ABED-4EE57B10B4C3} = {9F615E01-5DD2-4C01-AC70-B521D88F0064}
		{A3952C2B-FAF8-49A4-B651-E4E144E80B52} = {DF3818D2-67FA-423D-ABED-4EE57B10B4C3}
		{BAEF8E1F-914A-46B0-913B-759B64AB2ED0} = {4D3DFFCF-60D6-407A-9582-801968944571}
		{32990BD3-10FC-4235-896E-73084A10D7D4} = {B36970BB-6081-4B22-8091-B881EFD59982}
		{CD2C640B-B5F0-43C9-90AD-CA93AD9D7B97} = {9F615E01-5DD2-4C01-AC70-B521D88F0064}
		{CC9AD563-3F04-4B78-B80B-7EB4D7353C2D} = {CD2C640B-B5F0-43C9-90AD-CA93AD9D7B97}
	EndGlobalSection
	GlobalSection(ExtensibilityGlobals) = postSolution
		SolutionGuid = {A0CF8851-CB0E-48FF-9857-72A15AFC0ECC}
	EndGlobalSection
EndGlobal
